
Microsoft Visual Studio Solution File, Format Version 12.00
# Visual Studio Version 16
VisualStudioVersion = 16.0.29025.244
MinimumVisualStudioVersion = 10.0.40219.1
Project("{FAE04EC0-301F-11D3-BF4B-00C04F79EFBC}") = "YazilimGunlukleri-Web", "YazilimGunlukleri-Web\YazilimGunlukleri-Web.csproj", "{11902452-12C1-4748-857E-214D775C00AE}"
EndProject
Global
	GlobalSection(SolutionConfigurationPlatforms) = preSolution
		Debug|Any CPU = Debug|Any CPU
		Release|Any CPU = Release|Any CPU
	EndGlobalSection
	GlobalSection(ProjectConfigurationPlatforms) = postSolution
		{11902452-12C1-4748-857E-214D775C00AE}.Debug|Any CPU.ActiveCfg = Debug|Any CPU
		{11902452-12C1-4748-857E-214D775C00AE}.Debug|Any CPU.Build.0 = Debug|Any CPU
		{11902452-12C1-4748-857E-214D775C00AE}.Release|Any CPU.ActiveCfg = Release|Any CPU
		{11902452-12C1-4748-857E-214D775C00AE}.Release|Any CPU.Build.0 = Release|Any CPU
	EndGlobalSection
	GlobalSection(SolutionProperties) = preSolution
		HideSolutionNode = FALSE
	EndGlobalSection
	GlobalSection(ExtensibilityGlobals) = postSolution
		SolutionGuid = {3F8A4FCF-8188-4842-A5FF-886632E2BFDD}
	EndGlobalSection
EndGlobal
